<Solution>
  <Project Path="src/Enmarcha.Backend/Enmarcha.Backend.csproj" />
  <Project Path="src/Enmarcha.Experimental.ServiceViewer/Enmarcha.Experimental.ServiceViewer.csproj" />
  <Project Path="src/Enmarcha.Sources.OpenTripPlannerGql/Enmarcha.Sources.OpenTripPlannerGql.csproj" />
  <Project Path="src/Enmarcha.Sources.TranviasCoruna/Enmarcha.Sources.TranviasCoruna.csproj" />
  <Project Path="src/Enmarcha.Sources.Tussa/Enmarcha.Sources.Tussa.csproj" />
  <Project Path="src\frontend\frontend.esproj" />
</Solution>
